// !$*UTF8*$!
{
	archiveVersion = 1;
	classes = {
	};
	objectVersion = 48;
	objects = {

/* Begin PBXBuildFile section */
		75AF2F3D8F14561FFC9AA305 /* Pods_CurrencyTests.framework in Frameworks */ = {isa = PBXBuildFile; fileRef = 83E16D0D1378FBBF0CD85012 /* Pods_CurrencyTests.framework */; };
		ACA21E372118DE25009D0312 /* AppDelegate.swift in Sources */ = {isa = PBXBuildFile; fileRef = ACA21E362118DE25009D0312 /* AppDelegate.swift */; };
		ACA21E392118DE25009D0312 /* ViewController.swift in Sources */ = {isa = PBXBuildFile; fileRef = ACA21E382118DE25009D0312 /* ViewController.swift */; };
		ACA21E3C2118DE25009D0312 /* Main.storyboard in Resources */ = {isa = PBXBuildFile; fileRef = ACA21E3A2118DE25009D0312 /* Main.storyboard */; };
		ACA21E3E2118DE25009D0312 /* Assets.xcassets in Resources */ = {isa = PBXBuildFile; fileRef = ACA21E3D2118DE25009D0312 /* Assets.xcassets */; };
		ACA21E412118DE25009D0312 /* LaunchScreen.storyboard in Resources */ = {isa = PBXBuildFile; fileRef = ACA21E3F2118DE25009D0312 /* LaunchScreen.storyboard */; };
		ACA21E4C2118DE25009D0312 /* CurrencyTests.swift in Sources */ = {isa = PBXBuildFile; fileRef = ACA21E4B2118DE25009D0312 /* CurrencyTests.swift */; };
		ACA21E582118DE8A009D0312 /* TickerModel.swift in Sources */ = {isa = PBXBuildFile; fileRef = ACA21E572118DE8A009D0312 /* TickerModel.swift */; };
		ACA21E5A2118E55C009D0312 /* PoloniexAPI.swift in Sources */ = {isa = PBXBuildFile; fileRef = ACA21E592118E55C009D0312 /* PoloniexAPI.swift */; };
		ACA21E5C2118E62F009D0312 /* TickerCell.swift in Sources */ = {isa = PBXBuildFile; fileRef = ACA21E5B2118E62F009D0312 /* TickerCell.swift */; };
		ACA21E5F2118E900009D0312 /* TickerViewModel.swift in Sources */ = {isa = PBXBuildFile; fileRef = ACA21E5E2118E900009D0312 /* TickerViewModel.swift */; };
		ACA21E622118ED34009D0312 /* GenericDataSource.swift in Sources */ = {isa = PBXBuildFile; fileRef = ACA21E612118ED34009D0312 /* GenericDataSource.swift */; };
		ACA21E662118EDDE009D0312 /* TickersDataSource.swift in Sources */ = {isa = PBXBuildFile; fileRef = ACA21E652118EDDE009D0312 /* TickersDataSource.swift */; };
		ACA21E692118F278009D0312 /* Response.swift in Sources */ = {isa = PBXBuildFile; fileRef = ACA21E682118F278009D0312 /* Response.swift */; };
		F049AF8BE5FB57FBB9A14A4C /* Pods_Currency.framework in Frameworks */ = {isa = PBXBuildFile; fileRef = E15E5AD299EBD97339E537E2 /* Pods_Currency.framework */; };
/* End PBXBuildFile section */

/* Begin PBXContainerItemProxy section */
		ACA21E482118DE25009D0312 /* PBXContainerItemProxy */ = {
			isa = PBXContainerItemProxy;
			containerPortal = ACA21E2B2118DE25009D0312 /* Project object */;
			proxyType = 1;
			remoteGlobalIDString = ACA21E322118DE25009D0312;
			remoteInfo = Currency;
		};
/* End PBXContainerItemProxy section */

/* Begin PBXFileReference section */
		094C562794155E9F7819D6E7 /* Pods-CurrencyTests.debug.xcconfig */ = {isa = PBXFileReference; includeInIndex = 1; lastKnownFileType = text.xcconfig; name = "Pods-CurrencyTests.debug.xcconfig"; path = "Pods/Target Support Files/Pods-CurrencyTests/Pods-CurrencyTests.debug.xcconfig"; sourceTree = "<group>"; };
		2B4CE45A29DE359B1C17F1D7 /* Pods-CurrencyTests.release.xcconfig */ = {isa = PBXFileReference; includeInIndex = 1; lastKnownFileType = text.xcconfig; name = "Pods-CurrencyTests.release.xcconfig"; path = "Pods/Target Support Files/Pods-CurrencyTests/Pods-CurrencyTests.release.xcconfig"; sourceTree = "<group>"; };
		2D71481D9580E8250D2DD816 /* Pods-Currency.debug.xcconfig */ = {isa = PBXFileReference; includeInIndex = 1; lastKnownFileType = text.xcconfig; name = "Pods-Currency.debug.xcconfig"; path = "Pods/Target Support Files/Pods-Currency/Pods-Currency.debug.xcconfig"; sourceTree = "<group>"; };
		42271145F62C5B7A10A22CF0 /* Pods-Currency.release.xcconfig */ = {isa = PBXFileReference; includeInIndex = 1; lastKnownFileType = text.xcconfig; name = "Pods-Currency.release.xcconfig"; path = "Pods/Target Support Files/Pods-Currency/Pods-Currency.release.xcconfig"; sourceTree = "<group>"; };
		83E16D0D1378FBBF0CD85012 /* Pods_CurrencyTests.framework */ = {isa = PBXFileReference; explicitFileType = wrapper.framework; includeInIndex = 0; path = Pods_CurrencyTests.framework; sourceTree = BUILT_PRODUCTS_DIR; };
		ACA21E332118DE25009D0312 /* Currency.app */ = {isa = PBXFileReference; explicitFileType = wrapper.application; includeInIndex = 0; path = Currency.app; sourceTree = BUILT_PRODUCTS_DIR; };
		ACA21E362118DE25009D0312 /* AppDelegate.swift */ = {isa = PBXFileReference; lastKnownFileType = sourcecode.swift; path = AppDelegate.swift; sourceTree = "<group>"; };
		ACA21E382118DE25009D0312 /* ViewController.swift */ = {isa = PBXFileReference; lastKnownFileType = sourcecode.swift; path = ViewController.swift; sourceTree = "<group>"; };
		ACA21E3B2118DE25009D0312 /* Base */ = {isa = PBXFileReference; lastKnownFileType = file.storyboard; name = Base; path = Base.lproj/Main.storyboard; sourceTree = "<group>"; };
		ACA21E3D2118DE25009D0312 /* Assets.xcassets */ = {isa = PBXFileReference; lastKnownFileType = folder.assetcatalog; path = Assets.xcassets; sourceTree = "<group>"; };
		ACA21E402118DE25009D0312 /* Base */ = {isa = PBXFileReference; lastKnownFileType = file.storyboard; name = Base; path = Base.lproj/LaunchScreen.storyboard; sourceTree = "<group>"; };
		ACA21E422118DE25009D0312 /* Info.plist */ = {isa = PBXFileReference; lastKnownFileType = text.plist.xml; path = Info.plist; sourceTree = "<group>"; };
		ACA21E472118DE25009D0312 /* CurrencyTests.xctest */ = {isa = PBXFileReference; explicitFileType = wrapper.cfbundle; includeInIndex = 0; path = CurrencyTests.xctest; sourceTree = BUILT_PRODUCTS_DIR; };
		ACA21E4B2118DE25009D0312 /* CurrencyTests.swift */ = {isa = PBXFileReference; lastKnownFileType = sourcecode.swift; path = CurrencyTests.swift; sourceTree = "<group>"; };
		ACA21E4D2118DE25009D0312 /* Info.plist */ = {isa = PBXFileReference; lastKnownFileType = text.plist.xml; path = Info.plist; sourceTree = "<group>"; };
		ACA21E572118DE8A009D0312 /* TickerModel.swift */ = {isa = PBXFileReference; lastKnownFileType = sourcecode.swift; path = TickerModel.swift; sourceTree = "<group>"; };
		ACA21E592118E55C009D0312 /* PoloniexAPI.swift */ = {isa = PBXFileReference; lastKnownFileType = sourcecode.swift; path = PoloniexAPI.swift; sourceTree = "<group>"; };
		ACA21E5B2118E62F009D0312 /* TickerCell.swift */ = {isa = PBXFileReference; lastKnownFileType = sourcecode.swift; path = TickerCell.swift; sourceTree = "<group>"; };
		ACA21E5E2118E900009D0312 /* TickerViewModel.swift */ = {isa = PBXFileReference; lastKnownFileType = sourcecode.swift; path = TickerViewModel.swift; sourceTree = "<group>"; };
		ACA21E612118ED34009D0312 /* GenericDataSource.swift */ = {isa = PBXFileReference; lastKnownFileType = sourcecode.swift; path = GenericDataSource.swift; sourceTree = "<group>"; };
		ACA21E652118EDDE009D0312 /* TickersDataSource.swift */ = {isa = PBXFileReference; lastKnownFileType = sourcecode.swift; path = TickersDataSource.swift; sourceTree = "<group>"; };
		ACA21E682118F278009D0312 /* Response.swift */ = {isa = PBXFileReference; lastKnownFileType = sourcecode.swift; path = Response.swift; sourceTree = "<group>"; };
		E15E5AD299EBD97339E537E2 /* Pods_Currency.framework */ = {isa = PBXFileReference; explicitFileType = wrapper.framework; includeInIndex = 0; path = Pods_Currency.framework; sourceTree = BUILT_PRODUCTS_DIR; };
/* End PBXFileReference section */

/* Begin PBXFrameworksBuildPhase section */
		ACA21E302118DE25009D0312 /* Frameworks */ = {
			isa = PBXFrameworksBuildPhase;
			buildActionMask = 2147483647;
			files = (
				F049AF8BE5FB57FBB9A14A4C /* Pods_Currency.framework in Frameworks */,
			);
			runOnlyForDeploymentPostprocessing = 0;
		};
		ACA21E442118DE25009D0312 /* Frameworks */ = {
			isa = PBXFrameworksBuildPhase;
			buildActionMask = 2147483647;
			files = (
				75AF2F3D8F14561FFC9AA305 /* Pods_CurrencyTests.framework in Frameworks */,
			);
			runOnlyForDeploymentPostprocessing = 0;
		};
/* End PBXFrameworksBuildPhase section */

/* Begin PBXGroup section */
		585AC29F3D0D1F6239A55A15 /* Frameworks */ = {
			isa = PBXGroup;
			children = (
				E15E5AD299EBD97339E537E2 /* Pods_Currency.framework */,
				83E16D0D1378FBBF0CD85012 /* Pods_CurrencyTests.framework */,
			);
			name = Frameworks;
			sourceTree = "<group>";
		};
		A2C4B22059C4BCF2EDA51F55 /* Pods */ = {
			isa = PBXGroup;
			children = (
				2D71481D9580E8250D2DD816 /* Pods-Currency.debug.xcconfig */,
				42271145F62C5B7A10A22CF0 /* Pods-Currency.release.xcconfig */,
				094C562794155E9F7819D6E7 /* Pods-CurrencyTests.debug.xcconfig */,
				2B4CE45A29DE359B1C17F1D7 /* Pods-CurrencyTests.release.xcconfig */,
			);
			name = Pods;
			sourceTree = "<group>";
		};
		ACA21E2A2118DE25009D0312 = {
			isa = PBXGroup;
			children = (
				ACA21E352118DE25009D0312 /* Currency */,
				ACA21E4A2118DE25009D0312 /* CurrencyTests */,
				ACA21E342118DE25009D0312 /* Products */,
				A2C4B22059C4BCF2EDA51F55 /* Pods */,
				585AC29F3D0D1F6239A55A15 /* Frameworks */,
			);
			sourceTree = "<group>";
		};
		ACA21E342118DE25009D0312 /* Products */ = {
			isa = PBXGroup;
			children = (
				ACA21E332118DE25009D0312 /* Currency.app */,
				ACA21E472118DE25009D0312 /* CurrencyTests.xctest */,
			);
			name = Products;
			sourceTree = "<group>";
		};
		ACA21E352118DE25009D0312 /* Currency */ = {
			isa = PBXGroup;
			children = (
				ACA21E672118EDFF009D0312 /* Views */,
				ACA21E5D2118E8F2009D0312 /* ViewModels */,
				ACA21E562118DE7B009D0312 /* Models */,
				ACA21E362118DE25009D0312 /* AppDelegate.swift */,
				ACA21E3A2118DE25009D0312 /* Main.storyboard */,
				ACA21E3D2118DE25009D0312 /* Assets.xcassets */,
				ACA21E3F2118DE25009D0312 /* LaunchScreen.storyboard */,
				ACA21E422118DE25009D0312 /* Info.plist */,
				ACA21E592118E55C009D0312 /* PoloniexAPI.swift */,
			);
			path = Currency;
			sourceTree = "<group>";
		};
		ACA21E4A2118DE25009D0312 /* CurrencyTests */ = {
			isa = PBXGroup;
			children = (
				ACA21E4B2118DE25009D0312 /* CurrencyTests.swift */,
				ACA21E4D2118DE25009D0312 /* Info.plist */,
			);
			path = CurrencyTests;
			sourceTree = "<group>";
		};
		ACA21E562118DE7B009D0312 /* Models */ = {
			isa = PBXGroup;
			children = (
				ACA21E682118F278009D0312 /* Response.swift */,
				ACA21E572118DE8A009D0312 /* TickerModel.swift */,
			);
			path = Models;
			sourceTree = "<group>";
		};
		ACA21E5D2118E8F2009D0312 /* ViewModels */ = {
			isa = PBXGroup;
			children = (
				ACA21E612118ED34009D0312 /* GenericDataSource.swift */,
				ACA21E652118EDDE009D0312 /* TickersDataSource.swift */,
				ACA21E5E2118E900009D0312 /* TickerViewModel.swift */,
			);
			path = ViewModels;
			sourceTree = "<group>";
		};
		ACA21E672118EDFF009D0312 /* Views */ = {
			isa = PBXGroup;
			children = (
				ACA21E5B2118E62F009D0312 /* TickerCell.swift */,
				ACA21E382118DE25009D0312 /* ViewController.swift */,
			);
			path = Views;
			sourceTree = "<group>";
		};
/* End PBXGroup section */

/* Begin PBXNativeTarget section */
		ACA21E322118DE25009D0312 /* Currency */ = {
			isa = PBXNativeTarget;
			buildConfigurationList = ACA21E502118DE25009D0312 /* Build configuration list for PBXNativeTarget "Currency" */;
			buildPhases = (
				F27EA4C4CFF48E6E34BE01AC /* [CP] Check Pods Manifest.lock */,
				ACA21E2F2118DE25009D0312 /* Sources */,
				ACA21E302118DE25009D0312 /* Frameworks */,
				ACA21E312118DE25009D0312 /* Resources */,
				89A37A6EECA809BDAE72DEDA /* [CP] Embed Pods Frameworks */,
				96B612948D297D299ABB290F /* [CP] Copy Pods Resources */,
			);
			buildRules = (
			);
			dependencies = (
			);
			name = Currency;
			productName = Currency;
			productReference = ACA21E332118DE25009D0312 /* Currency.app */;
			productType = "com.apple.product-type.application";
		};
		ACA21E462118DE25009D0312 /* CurrencyTests */ = {
			isa = PBXNativeTarget;
			buildConfigurationList = ACA21E532118DE25009D0312 /* Build configuration list for PBXNativeTarget "CurrencyTests" */;
			buildPhases = (
				75497BF3FA8460A0429326EA /* [CP] Check Pods Manifest.lock */,
				ACA21E432118DE25009D0312 /* Sources */,
				ACA21E442118DE25009D0312 /* Frameworks */,
				ACA21E452118DE25009D0312 /* Resources */,
				FE04D2BA82F1944198DABA10 /* [CP] Embed Pods Frameworks */,
				9443364431FE232FD87F573A /* [CP] Copy Pods Resources */,
			);
			buildRules = (
			);
			dependencies = (
				ACA21E492118DE25009D0312 /* PBXTargetDependency */,
			);
			name = CurrencyTests;
			productName = CurrencyTests;
			productReference = ACA21E472118DE25009D0312 /* CurrencyTests.xctest */;
			productType = "com.apple.product-type.bundle.unit-test";
		};
/* End PBXNativeTarget section */

/* Begin PBXProject section */
		ACA21E2B2118DE25009D0312 /* Project object */ = {
			isa = PBXProject;
			attributes = {
				LastSwiftUpdateCheck = 0920;
				LastUpgradeCheck = 0920;
				ORGANIZATIONNAME = Artem;
				TargetAttributes = {
					ACA21E322118DE25009D0312 = {
						CreatedOnToolsVersion = 9.2;
						ProvisioningStyle = Automatic;
					};
					ACA21E462118DE25009D0312 = {
						CreatedOnToolsVersion = 9.2;
						ProvisioningStyle = Automatic;
						TestTargetID = ACA21E322118DE25009D0312;
					};
				};
			};
			buildConfigurationList = ACA21E2E2118DE25009D0312 /* Build configuration list for PBXProject "Currency" */;
			compatibilityVersion = "Xcode 8.0";
			developmentRegion = en;
			hasScannedForEncodings = 0;
			knownRegions = (
				en,
				Base,
			);
			mainGroup = ACA21E2A2118DE25009D0312;
			productRefGroup = ACA21E342118DE25009D0312 /* Products */;
			projectDirPath = "";
			projectRoot = "";
			targets = (
				ACA21E322118DE25009D0312 /* Currency */,
				ACA21E462118DE25009D0312 /* CurrencyTests */,
			);
		};
/* End PBXProject section */

/* Begin PBXResourcesBuildPhase section */
		ACA21E312118DE25009D0312 /* Resources */ = {
			isa = PBXResourcesBuildPhase;
			buildActionMask = 2147483647;
			files = (
				ACA21E412118DE25009D0312 /* LaunchScreen.storyboard in Resources */,
				ACA21E3E2118DE25009D0312 /* Assets.xcassets in Resources */,
				ACA21E3C2118DE25009D0312 /* Main.storyboard in Resources */,
			);
			runOnlyForDeploymentPostprocessing = 0;
		};
		ACA21E452118DE25009D0312 /* Resources */ = {
			isa = PBXResourcesBuildPhase;
			buildActionMask = 2147483647;
			files = (
			);
			runOnlyForDeploymentPostprocessing = 0;
		};
/* End PBXResourcesBuildPhase section */

/* Begin PBXShellScriptBuildPhase section */
		75497BF3FA8460A0429326EA /* [CP] Check Pods Manifest.lock */ = {
			isa = PBXShellScriptBuildPhase;
			buildActionMask = 2147483647;
			files = (
			);
			inputPaths = (
				"${PODS_PODFILE_DIR_PATH}/Podfile.lock",
				"${PODS_ROOT}/Manifest.lock",
			);
			name = "[CP] Check Pods Manifest.lock";
			outputPaths = (
				"$(DERIVED_FILE_DIR)/Pods-CurrencyTests-checkManifestLockResult.txt",
			);
			runOnlyForDeploymentPostprocessing = 0;
			shellPath = /bin/sh;
			shellScript = "diff \"${PODS_PODFILE_DIR_PATH}/Podfile.lock\" \"${PODS_ROOT}/Manifest.lock\" > /dev/null\nif [ $? != 0 ] ; then\n    # print error to STDERR\n    echo \"error: The sandbox is not in sync with the Podfile.lock. Run 'pod install' or update your CocoaPods installation.\" >&2\n    exit 1\nfi\n# This output is used by Xcode 'outputs' to avoid re-running this script phase.\necho \"SUCCESS\" > \"${SCRIPT_OUTPUT_FILE_0}\"\n";
			showEnvVarsInLog = 0;
		};
		89A37A6EECA809BDAE72DEDA /* [CP] Embed Pods Frameworks */ = {
			isa = PBXShellScriptBuildPhase;
			buildActionMask = 2147483647;
			files = (
			);
			inputPaths = (
				"${SRCROOT}/Pods/Target Support Files/Pods-Currency/Pods-Currency-frameworks.sh",
				"${BUILT_PRODUCTS_DIR}/Alamofire/Alamofire.framework",
				"${BUILT_PRODUCTS_DIR}/Moya/Moya.framework",
				"${BUILT_PRODUCTS_DIR}/Moya-ObjectMapper/Moya_ObjectMapper.framework",
				"${BUILT_PRODUCTS_DIR}/ObjectMapper/ObjectMapper.framework",
				"${BUILT_PRODUCTS_DIR}/Result/Result.framework",
				"${BUILT_PRODUCTS_DIR}/RxCocoa/RxCocoa.framework",
				"${BUILT_PRODUCTS_DIR}/RxSwift/RxSwift.framework",
				"${BUILT_PRODUCTS_DIR}/SnapKit/SnapKit.framework",
			);
			name = "[CP] Embed Pods Frameworks";
			outputPaths = (
				"${TARGET_BUILD_DIR}/${FRAMEWORKS_FOLDER_PATH}/Alamofire.framework",
				"${TARGET_BUILD_DIR}/${FRAMEWORKS_FOLDER_PATH}/Moya.framework",
				"${TARGET_BUILD_DIR}/${FRAMEWORKS_FOLDER_PATH}/Moya_ObjectMapper.framework",
				"${TARGET_BUILD_DIR}/${FRAMEWORKS_FOLDER_PATH}/ObjectMapper.framework",
				"${TARGET_BUILD_DIR}/${FRAMEWORKS_FOLDER_PATH}/Result.framework",
				"${TARGET_BUILD_DIR}/${FRAMEWORKS_FOLDER_PATH}/RxCocoa.framework",
				"${TARGET_BUILD_DIR}/${FRAMEWORKS_FOLDER_PATH}/RxSwift.framework",
				"${TARGET_BUILD_DIR}/${FRAMEWORKS_FOLDER_PATH}/SnapKit.framework",
			);
			runOnlyForDeploymentPostprocessing = 0;
			shellPath = /bin/sh;
			shellScript = "\"${SRCROOT}/Pods/Target Support Files/Pods-Currency/Pods-Currency-frameworks.sh\"\n";
			showEnvVarsInLog = 0;
		};
		9443364431FE232FD87F573A /* [CP] Copy Pods Resources */ = {
			isa = PBXShellScriptBuildPhase;
			buildActionMask = 2147483647;
			files = (
			);
			inputPaths = (
			);
			name = "[CP] Copy Pods Resources";
			outputPaths = (
			);
			runOnlyForDeploymentPostprocessing = 0;
			shellPath = /bin/sh;
			shellScript = "\"${SRCROOT}/Pods/Target Support Files/Pods-CurrencyTests/Pods-CurrencyTests-resources.sh\"\n";
			showEnvVarsInLog = 0;
		};
		96B612948D297D299ABB290F /* [CP] Copy Pods Resources */ = {
			isa = PBXShellScriptBuildPhase;
			buildActionMask = 2147483647;
			files = (
			);
			inputPaths = (
			);
			name = "[CP] Copy Pods Resources";
			outputPaths = (
			);
			runOnlyForDeploymentPostprocessing = 0;
			shellPath = /bin/sh;
			shellScript = "\"${SRCROOT}/Pods/Target Support Files/Pods-Currency/Pods-Currency-resources.sh\"\n";
			showEnvVarsInLog = 0;
		};
		F27EA4C4CFF48E6E34BE01AC /* [CP] Check Pods Manifest.lock */ = {
			isa = PBXShellScriptBuildPhase;
			buildActionMask = 2147483647;
			files = (
			);
			inputPaths = (
				"${PODS_PODFILE_DIR_PATH}/Podfile.lock",
				"${PODS_ROOT}/Manifest.lock",
			);
			name = "[CP] Check Pods Manifest.lock";
			outputPaths = (
				"$(DERIVED_FILE_DIR)/Pods-Currency-checkManifestLockResult.txt",
			);
			runOnlyForDeploymentPostprocessing = 0;
			shellPath = /bin/sh;
			shellScript = "diff \"${PODS_PODFILE_DIR_PATH}/Podfile.lock\" \"${PODS_ROOT}/Manifest.lock\" > /dev/null\nif [ $? != 0 ] ; then\n    # print error to STDERR\n    echo \"error: The sandbox is not in sync with the Podfile.lock. Run 'pod install' or update your CocoaPods installation.\" >&2\n    exit 1\nfi\n# This output is used by Xcode 'outputs' to avoid re-running this script phase.\necho \"SUCCESS\" > \"${SCRIPT_OUTPUT_FILE_0}\"\n";
			showEnvVarsInLog = 0;
		};
		FE04D2BA82F1944198DABA10 /* [CP] Embed Pods Frameworks */ = {
			isa = PBXShellScriptBuildPhase;
			buildActionMask = 2147483647;
			files = (
			);
			inputPaths = (
			);
			name = "[CP] Embed Pods Frameworks";
			outputPaths = (
			);
			runOnlyForDeploymentPostprocessing = 0;
			shellPath = /bin/sh;
			shellScript = "\"${SRCROOT}/Pods/Target Support Files/Pods-CurrencyTests/Pods-CurrencyTests-frameworks.sh\"\n";
			showEnvVarsInLog = 0;
		};
/* End PBXShellScriptBuildPhase section */

/* Begin PBXSourcesBuildPhase section */
		ACA21E2F2118DE25009D0312 /* Sources */ = {
			isa = PBXSourcesBuildPhase;
			buildActionMask = 2147483647;
			files = (
				ACA21E5F2118E900009D0312 /* TickerViewModel.swift in Sources */,
				ACA21E5A2118E55C009D0312 /* PoloniexAPI.swift in Sources */,
				ACA21E662118EDDE009D0312 /* TickersDataSource.swift in Sources */,
				ACA21E392118DE25009D0312 /* ViewController.swift in Sources */,
				ACA21E692118F278009D0312 /* Response.swift in Sources */,
				ACA21E622118ED34009D0312 /* GenericDataSource.swift in Sources */,
				ACA21E582118DE8A009D0312 /* TickerModel.swift in Sources */,
				ACA21E372118DE25009D0312 /* AppDelegate.swift in Sources */,
				ACA21E5C2118E62F009D0312 /* TickerCell.swift in Sources */,
			);
			runOnlyForDeploymentPostprocessing = 0;
		};
		ACA21E432118DE25009D0312 /* Sources */ = {
			isa = PBXSourcesBuildPhase;
			buildActionMask = 2147483647;
			files = (
				ACA21E4C2118DE25009D0312 /* CurrencyTests.swift in Sources */,
			);
			runOnlyForDeploymentPostprocessing = 0;
		};
/* End PBXSourcesBuildPhase section */

/* Begin PBXTargetDependency section */
		ACA21E492118DE25009D0312 /* PBXTargetDependency */ = {
			isa = PBXTargetDependency;
			target = ACA21E322118DE25009D0312 /* Currency */;
			targetProxy = ACA21E482118DE25009D0312 /* PBXContainerItemProxy */;
		};
/* End PBXTargetDependency section */

/* Begin PBXVariantGroup section */
		ACA21E3A2118DE25009D0312 /* Main.storyboard */ = {
			isa = PBXVariantGroup;
			children = (
				ACA21E3B2118DE25009D0312 /* Base */,
			);
			name = Main.storyboard;
			sourceTree = "<group>";
		};
		ACA21E3F2118DE25009D0312 /* LaunchScreen.storyboard */ = {
			isa = PBXVariantGroup;
			children = (
				ACA21E402118DE25009D0312 /* Base */,
			);
			name = LaunchScreen.storyboard;
			sourceTree = "<group>";
		};
/* End PBXVariantGroup section */

/* Begin XCBuildConfiguration section */
		ACA21E4E2118DE25009D0312 /* Debug */ = {
			isa = XCBuildConfiguration;
			buildSettings = {
				ALWAYS_SEARCH_USER_PATHS = NO;
				CLANG_ANALYZER_NONNULL = YES;
				CLANG_ANALYZER_NUMBER_OBJECT_CONVERSION = YES_AGGRESSIVE;
				CLANG_CXX_LANGUAGE_STANDARD = "gnu++14";
				CLANG_CXX_LIBRARY = "libc++";
				CLANG_ENABLE_MODULES = YES;
				CLANG_ENABLE_OBJC_ARC = YES;
				CLANG_WARN_BLOCK_CAPTURE_AUTORELEASING = YES;
				CLANG_WARN_BOOL_CONVERSION = YES;
				CLANG_WARN_COMMA = YES;
				CLANG_WARN_CONSTANT_CONVERSION = YES;
				CLANG_WARN_DIRECT_OBJC_ISA_USAGE = YES_ERROR;
				CLANG_WARN_DOCUMENTATION_COMMENTS = YES;
				CLANG_WARN_EMPTY_BODY = YES;
				CLANG_WARN_ENUM_CONVERSION = YES;
				CLANG_WARN_INFINITE_RECURSION = YES;
				CLANG_WARN_INT_CONVERSION = YES;
				CLANG_WARN_NON_LITERAL_NULL_CONVERSION = YES;
				CLANG_WARN_OBJC_LITERAL_CONVERSION = YES;
				CLANG_WARN_OBJC_ROOT_CLASS = YES_ERROR;
				CLANG_WARN_RANGE_LOOP_ANALYSIS = YES;
				CLANG_WARN_STRICT_PROTOTYPES = YES;
				CLANG_WARN_SUSPICIOUS_MOVE = YES;
				CLANG_WARN_UNGUARDED_AVAILABILITY = YES_AGGRESSIVE;
				CLANG_WARN_UNREACHABLE_CODE = YES;
				CLANG_WARN__DUPLICATE_METHOD_MATCH = YES;
				CODE_SIGN_IDENTITY = "iPhone Developer";
				COPY_PHASE_STRIP = NO;
				DEBUG_INFORMATION_FORMAT = dwarf;
				ENABLE_STRICT_OBJC_MSGSEND = YES;
				ENABLE_TESTABILITY = YES;
				GCC_C_LANGUAGE_STANDARD = gnu11;
				GCC_DYNAMIC_NO_PIC = NO;
				GCC_NO_COMMON_BLOCKS = YES;
				GCC_OPTIMIZATION_LEVEL = 0;
				GCC_PREPROCESSOR_DEFINITIONS = (
					"DEBUG=1",
					"$(inherited)",
				);
				GCC_WARN_64_TO_32_BIT_CONVERSION = YES;
				GCC_WARN_ABOUT_RETURN_TYPE = YES_ERROR;
				GCC_WARN_UNDECLARED_SELECTOR = YES;
				GCC_WARN_UNINITIALIZED_AUTOS = YES_AGGRESSIVE;
				GCC_WARN_UNUSED_FUNCTION = YES;
				GCC_WARN_UNUSED_VARIABLE = YES;
				IPHONEOS_DEPLOYMENT_TARGET = 11.2;
				MTL_ENABLE_DEBUG_INFO = YES;
				ONLY_ACTIVE_ARCH = YES;
				SDKROOT = iphoneos;
				SWIFT_ACTIVE_COMPILATION_CONDITIONS = DEBUG;
				SWIFT_OPTIMIZATION_LEVEL = "-Onone";
			};
			name = Debug;
		};
		ACA21E4F2118DE25009D0312 /* Release */ = {
			isa = XCBuildConfiguration;
			buildSettings = {
				ALWAYS_SEARCH_USER_PATHS = NO;
				CLANG_ANALYZER_NONNULL = YES;
				CLANG_ANALYZER_NUMBER_OBJECT_CONVERSION = YES_AGGRESSIVE;
				CLANG_CXX_LANGUAGE_STANDARD = "gnu++14";
				CLANG_CXX_LIBRARY = "libc++";
				CLANG_ENABLE_MODULES = YES;
				CLANG_ENABLE_OBJC_ARC = YES;
				CLANG_WARN_BLOCK_CAPTURE_AUTORELEASING = YES;
				CLANG_WARN_BOOL_CONVERSION = YES;
				CLANG_WARN_COMMA = YES;
				CLANG_WARN_CONSTANT_CONVERSION = YES;
				CLANG_WARN_DIRECT_OBJC_ISA_USAGE = YES_ERROR;
				CLANG_WARN_DOCUMENTATION_COMMENTS = YES;
				CLANG_WARN_EMPTY_BODY = YES;
				CLANG_WARN_ENUM_CONVERSION = YES;
				CLANG_WARN_INFINITE_RECURSION = YES;
				CLANG_WARN_INT_CONVERSION = YES;
				CLANG_WARN_NON_LITERAL_NULL_CONVERSION = YES;
				CLANG_WARN_OBJC_LITERAL_CONVERSION = YES;
				CLANG_WARN_OBJC_ROOT_CLASS = YES_ERROR;
				CLANG_WARN_RANGE_LOOP_ANALYSIS = YES;
				CLANG_WARN_STRICT_PROTOTYPES = YES;
				CLANG_WARN_SUSPICIOUS_MOVE = YES;
				CLANG_WARN_UNGUARDED_AVAILABILITY = YES_AGGRESSIVE;
				CLANG_WARN_UNREACHABLE_CODE = YES;
				CLANG_WARN__DUPLICATE_METHOD_MATCH = YES;
				CODE_SIGN_IDENTITY = "iPhone Developer";
				COPY_PHASE_STRIP = NO;
				DEBUG_INFORMATION_FORMAT = "dwarf-with-dsym";
				ENABLE_NS_ASSERTIONS = NO;
				ENABLE_STRICT_OBJC_MSGSEND = YES;
				GCC_C_LANGUAGE_STANDARD = gnu11;
				GCC_NO_COMMON_BLOCKS = YES;
				GCC_WARN_64_TO_32_BIT_CONVERSION = YES;
				GCC_WARN_ABOUT_RETURN_TYPE = YES_ERROR;
				GCC_WARN_UNDECLARED_SELECTOR = YES;
				GCC_WARN_UNINITIALIZED_AUTOS = YES_AGGRESSIVE;
				GCC_WARN_UNUSED_FUNCTION = YES;
				GCC_WARN_UNUSED_VARIABLE = YES;
				IPHONEOS_DEPLOYMENT_TARGET = 11.2;
				MTL_ENABLE_DEBUG_INFO = NO;
				SDKROOT = iphoneos;
				SWIFT_OPTIMIZATION_LEVEL = "-Owholemodule";
				VALIDATE_PRODUCT = YES;
			};
			name = Release;
		};
		ACA21E512118DE25009D0312 /* Debug */ = {
			isa = XCBuildConfiguration;
			baseConfigurationReference = 2D71481D9580E8250D2DD816 /* Pods-Currency.debug.xcconfig */;
			buildSettings = {
				ASSETCATALOG_COMPILER_APPICON_NAME = AppIcon;
				CODE_SIGN_STYLE = Automatic;
				DEVELOPMENT_TEAM = PASHCX8V8F;
				INFOPLIST_FILE = Currency/Info.plist;
				LD_RUNPATH_SEARCH_PATHS = "$(inherited) @executable_path/Frameworks";
				PRODUCT_BUNDLE_IDENTIFIER = artem.Currency;
				PRODUCT_NAME = "$(TARGET_NAME)";
				SWIFT_VERSION = 4.0;
				TARGETED_DEVICE_FAMILY = "1,2";
			};
			name = Debug;
		};
		ACA21E522118DE25009D0312 /* Release */ = {
			isa = XCBuildConfiguration;
			baseConfigurationReference = 42271145F62C5B7A10A22CF0 /* Pods-Currency.release.xcconfig */;
			buildSettings = {
				ASSETCATALOG_COMPILER_APPICON_NAME = AppIcon;
				CODE_SIGN_STYLE = Automatic;
				DEVELOPMENT_TEAM = PASHCX8V8F;
				INFOPLIST_FILE = Currency/Info.plist;
				LD_RUNPATH_SEARCH_PATHS = "$(inherited) @executable_path/Frameworks";
				PRODUCT_BUNDLE_IDENTIFIER = artem.Currency;
				PRODUCT_NAME = "$(TARGET_NAME)";
				SWIFT_VERSION = 4.0;
				TARGETED_DEVICE_FAMILY = "1,2";
			};
			name = Release;
		};
		ACA21E542118DE25009D0312 /* Debug */ = {
			isa = XCBuildConfiguration;
			baseConfigurationReference = 094C562794155E9F7819D6E7 /* Pods-CurrencyTests.debug.xcconfig */;
			buildSettings = {
				ALWAYS_EMBED_SWIFT_STANDARD_LIBRARIES = YES;
				BUNDLE_LOADER = "$(TEST_HOST)";
				CODE_SIGN_STYLE = Automatic;
				DEVELOPMENT_TEAM = PASHCX8V8F;
				INFOPLIST_FILE = CurrencyTests/Info.plist;
				LD_RUNPATH_SEARCH_PATHS = "$(inherited) @executable_path/Frameworks @loader_path/Frameworks";
				PRODUCT_BUNDLE_IDENTIFIER = artem.CurrencyTests;
				PRODUCT_NAME = "$(TARGET_NAME)";
				SWIFT_VERSION = 4.0;
				TARGETED_DEVICE_FAMILY = "1,2";
				TEST_HOST = "$(BUILT_PRODUCTS_DIR)/Currency.app/Currency";
			};
			name = Debug;
		};
		ACA21E552118DE25009D0312 /* Release */ = {
			isa = XCBuildConfiguration;
			baseConfigurationReference = 2B4CE45A29DE359B1C17F1D7 /* Pods-CurrencyTests.release.xcconfig */;
			buildSettings = {
				ALWAYS_EMBED_SWIFT_STANDARD_LIBRARIES = YES;
				BUNDLE_LOADER = "$(TEST_HOST)";
				CODE_SIGN_STYLE = Automatic;
				DEVELOPMENT_TEAM = PASHCX8V8F;
				INFOPLIST_FILE = CurrencyTests/Info.plist;
				LD_RUNPATH_SEARCH_PATHS = "$(inherited) @executable_path/Frameworks @loader_path/Frameworks";
				PRODUCT_BUNDLE_IDENTIFIER = artem.CurrencyTests;
				PRODUCT_NAME = "$(TARGET_NAME)";
				SWIFT_VERSION = 4.0;
				TARGETED_DEVICE_FAMILY = "1,2";
				TEST_HOST = "$(BUILT_PRODUCTS_DIR)/Currency.app/Currency";
			};
			name = Release;
		};
/* End XCBuildConfiguration section */

/* Begin XCConfigurationList section */
		ACA21E2E2118DE25009D0312 /* Build configuration list for PBXProject "Currency" */ = {
			isa = XCConfigurationList;
			buildConfigurations = (
				ACA21E4E2118DE25009D0312 /* Debug */,
				ACA21E4F2118DE25009D0312 /* Release */,
			);
			defaultConfigurationIsVisible = 0;
			defaultConfigurationName = Release;
		};
		ACA21E502118DE25009D0312 /* Build configuration list for PBXNativeTarget "Currency" */ = {
			isa = XCConfigurationList;
			buildConfigurations = (
				ACA21E512118DE25009D0312 /* Debug */,
				ACA21E522118DE25009D0312 /* Release */,
			);
			defaultConfigurationIsVisible = 0;
			defaultConfigurationName = Release;
		};
		ACA21E532118DE25009D0312 /* Build configuration list for PBXNativeTarget "CurrencyTests" */ = {
			isa = XCConfigurationList;
			buildConfigurations = (
				ACA21E542118DE25009D0312 /* Debug */,
				ACA21E552118DE25009D0312 /* Release */,
			);
			defaultConfigurationIsVisible = 0;
			defaultConfigurationName = Release;
		};
/* End XCConfigurationList section */
	};
	rootObject = ACA21E2B2118DE25009D0312 /* Project object */;
}
